// !$*UTF8*$!
{
	archiveVersion = 1;
	classes = {
	};
	objectVersion = 51;
	objects = {

/* Begin PBXBuildFile section */
		809E87F433F48D592C99085E /* Pods_piggy_test_project.framework in Frameworks */ = {isa = PBXBuildFile; fileRef = 479E0E3E76D9F4C485B31979 /* Pods_piggy_test_project.framework */; };
		FDBFCD63252A1E7D00E3ABAC /* BrowserScreen.storyboard in Resources */ = {isa = PBXBuildFile; fileRef = FDBFCD62252A1E7D00E3ABAC /* BrowserScreen.storyboard */; };
		FDBFCD65252A25A700E3ABAC /* BrowserScreenVC.swift in Sources */ = {isa = PBXBuildFile; fileRef = FDBFCD64252A25A700E3ABAC /* BrowserScreenVC.swift */; };
		FDBFCD67252A26CC00E3ABAC /* BrowserScreenVC+Extensions.swift in Sources */ = {isa = PBXBuildFile; fileRef = FDBFCD66252A26CC00E3ABAC /* BrowserScreenVC+Extensions.swift */; };
		FDBFCD69252A2AA400E3ABAC /* WebKit.framework in Frameworks */ = {isa = PBXBuildFile; fileRef = FDBFCD68252A2AA400E3ABAC /* WebKit.framework */; };
		FDBFCD6B252A36B500E3ABAC /* START_HERE.rtf in Resources */ = {isa = PBXBuildFile; fileRef = FDBFCD6A252A36B500E3ABAC /* START_HERE.rtf */; };
		FDF9394725273F5E006CDA15 /* AppDelegate.swift in Sources */ = {isa = PBXBuildFile; fileRef = FDF9394625273F5E006CDA15 /* AppDelegate.swift */; };
		FDF9394925273F5E006CDA15 /* SceneDelegate.swift in Sources */ = {isa = PBXBuildFile; fileRef = FDF9394825273F5E006CDA15 /* SceneDelegate.swift */; };
		FDF9394E25273F5E006CDA15 /* WelcomeScreen.storyboard in Resources */ = {isa = PBXBuildFile; fileRef = FDF9394C25273F5E006CDA15 /* WelcomeScreen.storyboard */; };
		FDF9395025273F5F006CDA15 /* Assets.xcassets in Resources */ = {isa = PBXBuildFile; fileRef = FDF9394F25273F5F006CDA15 /* Assets.xcassets */; };
		FDF9395325273F5F006CDA15 /* LaunchScreen.storyboard in Resources */ = {isa = PBXBuildFile; fileRef = FDF9395125273F5F006CDA15 /* LaunchScreen.storyboard */; };
		FDF9395E25273F5F006CDA15 /* piggy_test_projectTests.swift in Sources */ = {isa = PBXBuildFile; fileRef = FDF9395D25273F5F006CDA15 /* piggy_test_projectTests.swift */; };
		FDF9396925273F5F006CDA15 /* piggy_test_projectUITests.swift in Sources */ = {isa = PBXBuildFile; fileRef = FDF9396825273F5F006CDA15 /* piggy_test_projectUITests.swift */; };
		FDF9397725274376006CDA15 /* Quicksand-VariableFont_wght.ttf in Resources */ = {isa = PBXBuildFile; fileRef = FDF9397625274376006CDA15 /* Quicksand-VariableFont_wght.ttf */; };
		FDF9397D25274552006CDA15 /* WelcomeScreenVC.swift in Sources */ = {isa = PBXBuildFile; fileRef = FDF9397C25274552006CDA15 /* WelcomeScreenVC.swift */; };
		FDF93983252748BA006CDA15 /* WelcomeLogo.swift in Sources */ = {isa = PBXBuildFile; fileRef = FDF93982252748BA006CDA15 /* WelcomeLogo.swift */; };
		FDF9398C25274C2B006CDA15 /* HomeVC.swift in Sources */ = {isa = PBXBuildFile; fileRef = FDF9398A25274C2B006CDA15 /* HomeVC.swift */; };
		FDF9398F25274C44006CDA15 /* HomeScreen.storyboard in Resources */ = {isa = PBXBuildFile; fileRef = FDF9398E25274C44006CDA15 /* HomeScreen.storyboard */; };
		FDF9399125274FDF006CDA15 /* HomeSearchField.swift in Sources */ = {isa = PBXBuildFile; fileRef = FDF9399025274FDF006CDA15 /* HomeSearchField.swift */; };
		FDF9399525275FCB006CDA15 /* HomeVC+Extensions.swift in Sources */ = {isa = PBXBuildFile; fileRef = FDF9399425275FCB006CDA15 /* HomeVC+Extensions.swift */; };
		FDF9399925276CF0006CDA15 /* HomeTitleLabel.swift in Sources */ = {isa = PBXBuildFile; fileRef = FDF9399825276CF0006CDA15 /* HomeTitleLabel.swift */; };
		FDF9399F25278BC8006CDA15 /* SearchScreen.storyboard in Resources */ = {isa = PBXBuildFile; fileRef = FDF9399E25278BC8006CDA15 /* SearchScreen.storyboard */; };
		FDF939A125278D4F006CDA15 /* SearchScreenVC.swift in Sources */ = {isa = PBXBuildFile; fileRef = FDF939A025278D4F006CDA15 /* SearchScreenVC.swift */; };
		FDF939AA2527905D006CDA15 /* RoundedView.swift in Sources */ = {isa = PBXBuildFile; fileRef = FDF939A92527905D006CDA15 /* RoundedView.swift */; };
		FDF939AC252791CD006CDA15 /* ShadowView.swift in Sources */ = {isa = PBXBuildFile; fileRef = FDF939AB252791CD006CDA15 /* ShadowView.swift */; };
		FDF939AF2527DC72006CDA15 /* SearchResultsCell.swift in Sources */ = {isa = PBXBuildFile; fileRef = FDF939AD2527DC72006CDA15 /* SearchResultsCell.swift */; };
		FDF939B02527DC72006CDA15 /* SearchResultsCell.xib in Resources */ = {isa = PBXBuildFile; fileRef = FDF939AE2527DC72006CDA15 /* SearchResultsCell.xib */; };
		FDF939B22527E18D006CDA15 /* SearchScreenVC+Extensions.swift in Sources */ = {isa = PBXBuildFile; fileRef = FDF939B12527E18D006CDA15 /* SearchScreenVC+Extensions.swift */; };
		FDF939B52527F330006CDA15 /* UIViewController+Extensions.swift in Sources */ = {isa = PBXBuildFile; fileRef = FDF939B42527F330006CDA15 /* UIViewController+Extensions.swift */; };
		FDF939BB252803FE006CDA15 /* DetailsScreen.storyboard in Resources */ = {isa = PBXBuildFile; fileRef = FDF939BA252803FE006CDA15 /* DetailsScreen.storyboard */; };
		FDF939BD25280413006CDA15 /* DetailsScreenVC.swift in Sources */ = {isa = PBXBuildFile; fileRef = FDF939BC25280413006CDA15 /* DetailsScreenVC.swift */; };
		FDF939BF2528060A006CDA15 /* DetailsScreenVC+Extensions.swift in Sources */ = {isa = PBXBuildFile; fileRef = FDF939BE2528060A006CDA15 /* DetailsScreenVC+Extensions.swift */; };
/* End PBXBuildFile section */

/* Begin PBXContainerItemProxy section */
		FDF9395A25273F5F006CDA15 /* PBXContainerItemProxy */ = {
			isa = PBXContainerItemProxy;
			containerPortal = FDF9393B25273F5E006CDA15 /* Project object */;
			proxyType = 1;
			remoteGlobalIDString = FDF9394225273F5E006CDA15;
			remoteInfo = "piggy-test-project";
		};
		FDF9396525273F5F006CDA15 /* PBXContainerItemProxy */ = {
			isa = PBXContainerItemProxy;
			containerPortal = FDF9393B25273F5E006CDA15 /* Project object */;
			proxyType = 1;
			remoteGlobalIDString = FDF9394225273F5E006CDA15;
			remoteInfo = "piggy-test-project";
		};
/* End PBXContainerItemProxy section */

/* Begin PBXFileReference section */
		0AE8DBDE58BF35877E11FE2B /* Pods-piggy-test-project.debug.xcconfig */ = {isa = PBXFileReference; includeInIndex = 1; lastKnownFileType = text.xcconfig; name = "Pods-piggy-test-project.debug.xcconfig"; path = "Target Support Files/Pods-piggy-test-project/Pods-piggy-test-project.debug.xcconfig"; sourceTree = "<group>"; };
		479E0E3E76D9F4C485B31979 /* Pods_piggy_test_project.framework */ = {isa = PBXFileReference; explicitFileType = wrapper.framework; includeInIndex = 0; path = Pods_piggy_test_project.framework; sourceTree = BUILT_PRODUCTS_DIR; };
		6D739037CF0B44460BA0BE30 /* Pods-piggy-test-project.release.xcconfig */ = {isa = PBXFileReference; includeInIndex = 1; lastKnownFileType = text.xcconfig; name = "Pods-piggy-test-project.release.xcconfig"; path = "Target Support Files/Pods-piggy-test-project/Pods-piggy-test-project.release.xcconfig"; sourceTree = "<group>"; };
		FDBFCD62252A1E7D00E3ABAC /* BrowserScreen.storyboard */ = {isa = PBXFileReference; lastKnownFileType = file.storyboard; path = BrowserScreen.storyboard; sourceTree = "<group>"; };
		FDBFCD64252A25A700E3ABAC /* BrowserScreenVC.swift */ = {isa = PBXFileReference; lastKnownFileType = sourcecode.swift; path = BrowserScreenVC.swift; sourceTree = "<group>"; };
		FDBFCD66252A26CC00E3ABAC /* BrowserScreenVC+Extensions.swift */ = {isa = PBXFileReference; lastKnownFileType = sourcecode.swift; path = "BrowserScreenVC+Extensions.swift"; sourceTree = "<group>"; };
		FDBFCD68252A2AA400E3ABAC /* WebKit.framework */ = {isa = PBXFileReference; lastKnownFileType = wrapper.framework; name = WebKit.framework; path = System/Library/Frameworks/WebKit.framework; sourceTree = SDKROOT; };
		FDBFCD6A252A36B500E3ABAC /* START_HERE.rtf */ = {isa = PBXFileReference; lastKnownFileType = text.rtf; path = START_HERE.rtf; sourceTree = "<group>"; };
		FDF9394325273F5E006CDA15 /* piggy-test-project.app */ = {isa = PBXFileReference; explicitFileType = wrapper.application; includeInIndex = 0; path = "piggy-test-project.app"; sourceTree = BUILT_PRODUCTS_DIR; };
		FDF9394625273F5E006CDA15 /* AppDelegate.swift */ = {isa = PBXFileReference; lastKnownFileType = sourcecode.swift; path = AppDelegate.swift; sourceTree = "<group>"; };
		FDF9394825273F5E006CDA15 /* SceneDelegate.swift */ = {isa = PBXFileReference; lastKnownFileType = sourcecode.swift; path = SceneDelegate.swift; sourceTree = "<group>"; };
		FDF9394D25273F5E006CDA15 /* Base */ = {isa = PBXFileReference; lastKnownFileType = file.storyboard; name = Base; path = Base.lproj/WelcomeScreen.storyboard; sourceTree = "<group>"; };
		FDF9394F25273F5F006CDA15 /* Assets.xcassets */ = {isa = PBXFileReference; lastKnownFileType = folder.assetcatalog; path = Assets.xcassets; sourceTree = "<group>"; };
		FDF9395225273F5F006CDA15 /* Base */ = {isa = PBXFileReference; lastKnownFileType = file.storyboard; name = Base; path = Base.lproj/LaunchScreen.storyboard; sourceTree = "<group>"; };
		FDF9395425273F5F006CDA15 /* Info.plist */ = {isa = PBXFileReference; lastKnownFileType = text.plist.xml; path = Info.plist; sourceTree = "<group>"; };
		FDF9395925273F5F006CDA15 /* piggy-test-projectTests.xctest */ = {isa = PBXFileReference; explicitFileType = wrapper.cfbundle; includeInIndex = 0; path = "piggy-test-projectTests.xctest"; sourceTree = BUILT_PRODUCTS_DIR; };
		FDF9395D25273F5F006CDA15 /* piggy_test_projectTests.swift */ = {isa = PBXFileReference; lastKnownFileType = sourcecode.swift; path = piggy_test_projectTests.swift; sourceTree = "<group>"; };
		FDF9395F25273F5F006CDA15 /* Info.plist */ = {isa = PBXFileReference; lastKnownFileType = text.plist.xml; path = Info.plist; sourceTree = "<group>"; };
		FDF9396425273F5F006CDA15 /* piggy-test-projectUITests.xctest */ = {isa = PBXFileReference; explicitFileType = wrapper.cfbundle; includeInIndex = 0; path = "piggy-test-projectUITests.xctest"; sourceTree = BUILT_PRODUCTS_DIR; };
		FDF9396825273F5F006CDA15 /* piggy_test_projectUITests.swift */ = {isa = PBXFileReference; lastKnownFileType = sourcecode.swift; path = piggy_test_projectUITests.swift; sourceTree = "<group>"; };
		FDF9396A25273F5F006CDA15 /* Info.plist */ = {isa = PBXFileReference; lastKnownFileType = text.plist.xml; path = Info.plist; sourceTree = "<group>"; };
		FDF9397625274376006CDA15 /* Quicksand-VariableFont_wght.ttf */ = {isa = PBXFileReference; lastKnownFileType = file; path = "Quicksand-VariableFont_wght.ttf"; sourceTree = "<group>"; };
		FDF9397C25274552006CDA15 /* WelcomeScreenVC.swift */ = {isa = PBXFileReference; lastKnownFileType = sourcecode.swift; path = WelcomeScreenVC.swift; sourceTree = "<group>"; };
		FDF93982252748BA006CDA15 /* WelcomeLogo.swift */ = {isa = PBXFileReference; lastKnownFileType = sourcecode.swift; path = WelcomeLogo.swift; sourceTree = "<group>"; };
		FDF9398A25274C2B006CDA15 /* HomeVC.swift */ = {isa = PBXFileReference; lastKnownFileType = sourcecode.swift; path = HomeVC.swift; sourceTree = "<group>"; };
		FDF9398E25274C44006CDA15 /* HomeScreen.storyboard */ = {isa = PBXFileReference; lastKnownFileType = file.storyboard; path = HomeScreen.storyboard; sourceTree = "<group>"; };
		FDF9399025274FDF006CDA15 /* HomeSearchField.swift */ = {isa = PBXFileReference; lastKnownFileType = sourcecode.swift; path = HomeSearchField.swift; sourceTree = "<group>"; };
		FDF9399425275FCB006CDA15 /* HomeVC+Extensions.swift */ = {isa = PBXFileReference; lastKnownFileType = sourcecode.swift; path = "HomeVC+Extensions.swift"; sourceTree = "<group>"; };
		FDF9399825276CF0006CDA15 /* HomeTitleLabel.swift */ = {isa = PBXFileReference; fileEncoding = 4; lastKnownFileType = sourcecode.swift; path = HomeTitleLabel.swift; sourceTree = "<group>"; };
		FDF9399E25278BC8006CDA15 /* SearchScreen.storyboard */ = {isa = PBXFileReference; lastKnownFileType = file.storyboard; path = SearchScreen.storyboard; sourceTree = "<group>"; };
		FDF939A025278D4F006CDA15 /* SearchScreenVC.swift */ = {isa = PBXFileReference; lastKnownFileType = sourcecode.swift; path = SearchScreenVC.swift; sourceTree = "<group>"; };
		FDF939A92527905D006CDA15 /* RoundedView.swift */ = {isa = PBXFileReference; lastKnownFileType = sourcecode.swift; path = RoundedView.swift; sourceTree = "<group>"; };
		FDF939AB252791CD006CDA15 /* ShadowView.swift */ = {isa = PBXFileReference; lastKnownFileType = sourcecode.swift; path = ShadowView.swift; sourceTree = "<group>"; };
		FDF939AD2527DC72006CDA15 /* SearchResultsCell.swift */ = {isa = PBXFileReference; lastKnownFileType = sourcecode.swift; path = SearchResultsCell.swift; sourceTree = "<group>"; };
		FDF939AE2527DC72006CDA15 /* SearchResultsCell.xib */ = {isa = PBXFileReference; lastKnownFileType = file.xib; path = SearchResultsCell.xib; sourceTree = "<group>"; };
		FDF939B12527E18D006CDA15 /* SearchScreenVC+Extensions.swift */ = {isa = PBXFileReference; lastKnownFileType = sourcecode.swift; path = "SearchScreenVC+Extensions.swift"; sourceTree = "<group>"; };
		FDF939B42527F330006CDA15 /* UIViewController+Extensions.swift */ = {isa = PBXFileReference; lastKnownFileType = sourcecode.swift; path = "UIViewController+Extensions.swift"; sourceTree = "<group>"; };
		FDF939BA252803FE006CDA15 /* DetailsScreen.storyboard */ = {isa = PBXFileReference; lastKnownFileType = file.storyboard; path = DetailsScreen.storyboard; sourceTree = "<group>"; };
		FDF939BC25280413006CDA15 /* DetailsScreenVC.swift */ = {isa = PBXFileReference; lastKnownFileType = sourcecode.swift; path = DetailsScreenVC.swift; sourceTree = "<group>"; };
		FDF939BE2528060A006CDA15 /* DetailsScreenVC+Extensions.swift */ = {isa = PBXFileReference; lastKnownFileType = sourcecode.swift; path = "DetailsScreenVC+Extensions.swift"; sourceTree = "<group>"; };
/* End PBXFileReference section */

/* Begin PBXFrameworksBuildPhase section */
		FDF9394025273F5E006CDA15 /* Frameworks */ = {
			isa = PBXFrameworksBuildPhase;
			buildActionMask = 2147483647;
			files = (
				FDBFCD69252A2AA400E3ABAC /* WebKit.framework in Frameworks */,
				809E87F433F48D592C99085E /* Pods_piggy_test_project.framework in Frameworks */,
			);
			runOnlyForDeploymentPostprocessing = 0;
		};
		FDF9395625273F5F006CDA15 /* Frameworks */ = {
			isa = PBXFrameworksBuildPhase;
			buildActionMask = 2147483647;
			files = (
			);
			runOnlyForDeploymentPostprocessing = 0;
		};
		FDF9396125273F5F006CDA15 /* Frameworks */ = {
			isa = PBXFrameworksBuildPhase;
			buildActionMask = 2147483647;
			files = (
			);
			runOnlyForDeploymentPostprocessing = 0;
		};
/* End PBXFrameworksBuildPhase section */

/* Begin PBXGroup section */
		E6A106DE964436F06EA8B4EB /* Pods */ = {
			isa = PBXGroup;
			children = (
				0AE8DBDE58BF35877E11FE2B /* Pods-piggy-test-project.debug.xcconfig */,
				6D739037CF0B44460BA0BE30 /* Pods-piggy-test-project.release.xcconfig */,
			);
			path = Pods;
			sourceTree = "<group>";
		};
		F06695E665B7DAA220603AF5 /* Frameworks */ = {
			isa = PBXGroup;
			children = (
				FDBFCD68252A2AA400E3ABAC /* WebKit.framework */,
				479E0E3E76D9F4C485B31979 /* Pods_piggy_test_project.framework */,
			);
			name = Frameworks;
			sourceTree = "<group>";
		};
		FDBFCD5E252A1E4B00E3ABAC /* BrowserScreen */ = {
			isa = PBXGroup;
			children = (
				FDBFCD61252A1E6F00E3ABAC /* Models */,
				FDBFCD60252A1E6C00E3ABAC /* Views */,
				FDBFCD5F252A1E6200E3ABAC /* Controllers */,
			);
			path = BrowserScreen;
			sourceTree = "<group>";
		};
		FDBFCD5F252A1E6200E3ABAC /* Controllers */ = {
			isa = PBXGroup;
			children = (
				FDBFCD64252A25A700E3ABAC /* BrowserScreenVC.swift */,
				FDBFCD66252A26CC00E3ABAC /* BrowserScreenVC+Extensions.swift */,
			);
			path = Controllers;
			sourceTree = "<group>";
		};
		FDBFCD60252A1E6C00E3ABAC /* Views */ = {
			isa = PBXGroup;
			children = (
				FDBFCD62252A1E7D00E3ABAC /* BrowserScreen.storyboard */,
			);
			path = Views;
			sourceTree = "<group>";
		};
		FDBFCD61252A1E6F00E3ABAC /* Models */ = {
			isa = PBXGroup;
			children = (
			);
			path = Models;
			sourceTree = "<group>";
		};
		FDF9393A25273F5E006CDA15 = {
			isa = PBXGroup;
			children = (
				FDF9394525273F5E006CDA15 /* piggy-test-project */,
				FDF9395C25273F5F006CDA15 /* piggy-test-projectTests */,
				FDF9396725273F5F006CDA15 /* piggy-test-projectUITests */,
				FDF9394425273F5E006CDA15 /* Products */,
				E6A106DE964436F06EA8B4EB /* Pods */,
				F06695E665B7DAA220603AF5 /* Frameworks */,
			);
			sourceTree = "<group>";
		};
		FDF9394425273F5E006CDA15 /* Products */ = {
			isa = PBXGroup;
			children = (
				FDF9394325273F5E006CDA15 /* piggy-test-project.app */,
				FDF9395925273F5F006CDA15 /* piggy-test-projectTests.xctest */,
				FDF9396425273F5F006CDA15 /* piggy-test-projectUITests.xctest */,
			);
			name = Products;
			sourceTree = "<group>";
		};
		FDF9394525273F5E006CDA15 /* piggy-test-project */ = {
			isa = PBXGroup;
			children = (
				FDF93978252744C3006CDA15 /* Components */,
				FDF939B32527F31D006CDA15 /* Extensions */,
				FDF9394625273F5E006CDA15 /* AppDelegate.swift */,
				FDF9394825273F5E006CDA15 /* SceneDelegate.swift */,
				FDF9394F25273F5F006CDA15 /* Assets.xcassets */,
				FDF9395125273F5F006CDA15 /* LaunchScreen.storyboard */,
				FDF9395425273F5F006CDA15 /* Info.plist */,
				FDF9397625274376006CDA15 /* Quicksand-VariableFont_wght.ttf */,
				FDBFCD6A252A36B500E3ABAC /* START_HERE.rtf */,
			);
			path = "piggy-test-project";
			sourceTree = "<group>";
		};
		FDF9395C25273F5F006CDA15 /* piggy-test-projectTests */ = {
			isa = PBXGroup;
			children = (
				FDF9395D25273F5F006CDA15 /* piggy_test_projectTests.swift */,
				FDF9395F25273F5F006CDA15 /* Info.plist */,
			);
			path = "piggy-test-projectTests";
			sourceTree = "<group>";
		};
		FDF9396725273F5F006CDA15 /* piggy-test-projectUITests */ = {
			isa = PBXGroup;
			children = (
				FDF9396825273F5F006CDA15 /* piggy_test_projectUITests.swift */,
				FDF9396A25273F5F006CDA15 /* Info.plist */,
			);
			path = "piggy-test-projectUITests";
			sourceTree = "<group>";
		};
		FDF93978252744C3006CDA15 /* Components */ = {
			isa = PBXGroup;
			children = (
				FDF939A225278F42006CDA15 /* General */,
				FDF9397E252747F5006CDA15 /* WelcomeScreen */,
				FDF9398625274B14006CDA15 /* HomeScreen */,
				FDF9399A25278B6B006CDA15 /* SearchScreen */,
				FDF939B6252802F3006CDA15 /* DetailsScreen */,
				FDBFCD5E252A1E4B00E3ABAC /* BrowserScreen */,
			);
			path = Components;
			sourceTree = "<group>";
		};
		FDF9397E252747F5006CDA15 /* WelcomeScreen */ = {
			isa = PBXGroup;
			children = (
				FDF9398025274805006CDA15 /* Models */,
				FDF9398125274811006CDA15 /* Views */,
				FDF9397F252747FF006CDA15 /* Controllers */,
			);
			path = WelcomeScreen;
			sourceTree = "<group>";
		};
		FDF9397F252747FF006CDA15 /* Controllers */ = {
			isa = PBXGroup;
			children = (
				FDF9397C25274552006CDA15 /* WelcomeScreenVC.swift */,
			);
			path = Controllers;
			sourceTree = "<group>";
		};
		FDF9398025274805006CDA15 /* Models */ = {
			isa = PBXGroup;
			children = (
				FDF93982252748BA006CDA15 /* WelcomeLogo.swift */,
			);
			path = Models;
			sourceTree = "<group>";
		};
		FDF9398125274811006CDA15 /* Views */ = {
			isa = PBXGroup;
			children = (
				FDF9394C25273F5E006CDA15 /* WelcomeScreen.storyboard */,
			);
			path = Views;
			sourceTree = "<group>";
		};
		FDF9398625274B14006CDA15 /* HomeScreen */ = {
			isa = PBXGroup;
			children = (
				FDF9398725274B95006CDA15 /* Models */,
				FDF9398825274B9A006CDA15 /* Views */,
				FDF9398925274BA3006CDA15 /* Controllers */,
			);
			path = HomeScreen;
			sourceTree = "<group>";
		};
		FDF9398725274B95006CDA15 /* Models */ = {
			isa = PBXGroup;
			children = (
				FDF9399825276CF0006CDA15 /* HomeTitleLabel.swift */,
				FDF9399025274FDF006CDA15 /* HomeSearchField.swift */,
			);
			path = Models;
			sourceTree = "<group>";
		};
		FDF9398825274B9A006CDA15 /* Views */ = {
			isa = PBXGroup;
			children = (
				FDF9398E25274C44006CDA15 /* HomeScreen.storyboard */,
			);
			path = Views;
			sourceTree = "<group>";
		};
		FDF9398925274BA3006CDA15 /* Controllers */ = {
			isa = PBXGroup;
			children = (
				FDF9398A25274C2B006CDA15 /* HomeVC.swift */,
				FDF9399425275FCB006CDA15 /* HomeVC+Extensions.swift */,
			);
			path = Controllers;
			sourceTree = "<group>";
		};
		FDF9399A25278B6B006CDA15 /* SearchScreen */ = {
			isa = PBXGroup;
			children = (
				FDF9399D25278B93006CDA15 /* Models */,
				FDF9399C25278B8B006CDA15 /* Views */,
				FDF9399B25278B84006CDA15 /* Controllers */,
			);
			path = SearchScreen;
			sourceTree = "<group>";
		};
		FDF9399B25278B84006CDA15 /* Controllers */ = {
			isa = PBXGroup;
			children = (
				FDF939A025278D4F006CDA15 /* SearchScreenVC.swift */,
				FDF939B12527E18D006CDA15 /* SearchScreenVC+Extensions.swift */,
			);
			path = Controllers;
			sourceTree = "<group>";
		};
		FDF9399C25278B8B006CDA15 /* Views */ = {
			isa = PBXGroup;
			children = (
				FDF9399E25278BC8006CDA15 /* SearchScreen.storyboard */,
				FDF939AE2527DC72006CDA15 /* SearchResultsCell.xib */,
			);
			path = Views;
			sourceTree = "<group>";
		};
		FDF9399D25278B93006CDA15 /* Models */ = {
			isa = PBXGroup;
			children = (
				FDF939AD2527DC72006CDA15 /* SearchResultsCell.swift */,
			);
			path = Models;
			sourceTree = "<group>";
		};
		FDF939A225278F42006CDA15 /* General */ = {
			isa = PBXGroup;
			children = (
				FDF939A525278F58006CDA15 /* Models */,
				FDF939A425278F53006CDA15 /* Views */,
				FDF939A325278F4B006CDA15 /* Controllers */,
			);
			path = General;
			sourceTree = "<group>";
		};
		FDF939A325278F4B006CDA15 /* Controllers */ = {
			isa = PBXGroup;
			children = (
			);
			path = Controllers;
			sourceTree = "<group>";
		};
		FDF939A425278F53006CDA15 /* Views */ = {
			isa = PBXGroup;
			children = (
			);
			path = Views;
			sourceTree = "<group>";
		};
		FDF939A525278F58006CDA15 /* Models */ = {
			isa = PBXGroup;
			children = (
				FDF939A92527905D006CDA15 /* RoundedView.swift */,
				FDF939AB252791CD006CDA15 /* ShadowView.swift */,
			);
			path = Models;
			sourceTree = "<group>";
		};
		FDF939B32527F31D006CDA15 /* Extensions */ = {
			isa = PBXGroup;
			children = (
				FDF939B42527F330006CDA15 /* UIViewController+Extensions.swift */,
			);
			path = Extensions;
			sourceTree = "<group>";
		};
		FDF939B6252802F3006CDA15 /* DetailsScreen */ = {
			isa = PBXGroup;
			children = (
				FDF939B925280310006CDA15 /* Models */,
				FDF939B82528030A006CDA15 /* Views */,
				FDF939B725280300006CDA15 /* Controllers */,
			);
			path = DetailsScreen;
			sourceTree = "<group>";
		};
		FDF939B725280300006CDA15 /* Controllers */ = {
			isa = PBXGroup;
			children = (
				FDF939BC25280413006CDA15 /* DetailsScreenVC.swift */,
				FDF939BE2528060A006CDA15 /* DetailsScreenVC+Extensions.swift */,
			);
			path = Controllers;
			sourceTree = "<group>";
		};
		FDF939B82528030A006CDA15 /* Views */ = {
			isa = PBXGroup;
			children = (
				FDF939BA252803FE006CDA15 /* DetailsScreen.storyboard */,
			);
			path = Views;
			sourceTree = "<group>";
		};
		FDF939B925280310006CDA15 /* Models */ = {
			isa = PBXGroup;
			children = (
			);
			path = Models;
			sourceTree = "<group>";
		};
/* End PBXGroup section */

/* Begin PBXNativeTarget section */
		FDF9394225273F5E006CDA15 /* piggy-test-project */ = {
			isa = PBXNativeTarget;
			buildConfigurationList = FDF9396D25273F5F006CDA15 /* Build configuration list for PBXNativeTarget "piggy-test-project" */;
			buildPhases = (
				0395B921B5E4FA8D8580F29E /* [CP] Check Pods Manifest.lock */,
				FDF9393F25273F5E006CDA15 /* Sources */,
				FDF9394025273F5E006CDA15 /* Frameworks */,
				FDF9394125273F5E006CDA15 /* Resources */,
				A33C9D2BE38E207E425E1395 /* [CP] Embed Pods Frameworks */,
			);
			buildRules = (
			);
			dependencies = (
			);
			name = "piggy-test-project";
			productName = "piggy-test-project";
			productReference = FDF9394325273F5E006CDA15 /* piggy-test-project.app */;
			productType = "com.apple.product-type.application";
		};
		FDF9395825273F5F006CDA15 /* piggy-test-projectTests */ = {
			isa = PBXNativeTarget;
			buildConfigurationList = FDF9397025273F5F006CDA15 /* Build configuration list for PBXNativeTarget "piggy-test-projectTests" */;
			buildPhases = (
				FDF9395525273F5F006CDA15 /* Sources */,
				FDF9395625273F5F006CDA15 /* Frameworks */,
				FDF9395725273F5F006CDA15 /* Resources */,
			);
			buildRules = (
			);
			dependencies = (
				FDF9395B25273F5F006CDA15 /* PBXTargetDependency */,
			);
			name = "piggy-test-projectTests";
			productName = "piggy-test-projectTests";
			productReference = FDF9395925273F5F006CDA15 /* piggy-test-projectTests.xctest */;
			productType = "com.apple.product-type.bundle.unit-test";
		};
		FDF9396325273F5F006CDA15 /* piggy-test-projectUITests */ = {
			isa = PBXNativeTarget;
			buildConfigurationList = FDF9397325273F5F006CDA15 /* Build configuration list for PBXNativeTarget "piggy-test-projectUITests" */;
			buildPhases = (
				FDF9396025273F5F006CDA15 /* Sources */,
				FDF9396125273F5F006CDA15 /* Frameworks */,
				FDF9396225273F5F006CDA15 /* Resources */,
			);
			buildRules = (
			);
			dependencies = (
				FDF9396625273F5F006CDA15 /* PBXTargetDependency */,
			);
			name = "piggy-test-projectUITests";
			productName = "piggy-test-projectUITests";
			productReference = FDF9396425273F5F006CDA15 /* piggy-test-projectUITests.xctest */;
			productType = "com.apple.product-type.bundle.ui-testing";
		};
/* End PBXNativeTarget section */

/* Begin PBXProject section */
		FDF9393B25273F5E006CDA15 /* Project object */ = {
			isa = PBXProject;
			attributes = {
				LastSwiftUpdateCheck = 1160;
				LastUpgradeCheck = 1160;
				ORGANIZATIONNAME = "Forat Bahrani";
				TargetAttributes = {
					FDF9394225273F5E006CDA15 = {
						CreatedOnToolsVersion = 11.6;
					};
					FDF9395825273F5F006CDA15 = {
						CreatedOnToolsVersion = 11.6;
						TestTargetID = FDF9394225273F5E006CDA15;
					};
					FDF9396325273F5F006CDA15 = {
						CreatedOnToolsVersion = 11.6;
						TestTargetID = FDF9394225273F5E006CDA15;
					};
				};
			};
			buildConfigurationList = FDF9393E25273F5E006CDA15 /* Build configuration list for PBXProject "piggy-test-project" */;
			compatibilityVersion = "Xcode 9.3";
			developmentRegion = en;
			hasScannedForEncodings = 0;
			knownRegions = (
				en,
				Base,
			);
			mainGroup = FDF9393A25273F5E006CDA15;
			productRefGroup = FDF9394425273F5E006CDA15 /* Products */;
			projectDirPath = "";
			projectRoot = "";
			targets = (
				FDF9394225273F5E006CDA15 /* piggy-test-project */,
				FDF9395825273F5F006CDA15 /* piggy-test-projectTests */,
				FDF9396325273F5F006CDA15 /* piggy-test-projectUITests */,
			);
		};
/* End PBXProject section */

/* Begin PBXResourcesBuildPhase section */
		FDF9394125273F5E006CDA15 /* Resources */ = {
			isa = PBXResourcesBuildPhase;
			buildActionMask = 2147483647;
			files = (
				FDF9395325273F5F006CDA15 /* LaunchScreen.storyboard in Resources */,
				FDF9398F25274C44006CDA15 /* HomeScreen.storyboard in Resources */,
				FDF9399F25278BC8006CDA15 /* SearchScreen.storyboard in Resources */,
				FDF9397725274376006CDA15 /* Quicksand-VariableFont_wght.ttf in Resources */,
				FDF9395025273F5F006CDA15 /* Assets.xcassets in Resources */,
				FDF939BB252803FE006CDA15 /* DetailsScreen.storyboard in Resources */,
				FDBFCD63252A1E7D00E3ABAC /* BrowserScreen.storyboard in Resources */,
				FDBFCD6B252A36B500E3ABAC /* START_HERE.rtf in Resources */,
				FDF939B02527DC72006CDA15 /* SearchResultsCell.xib in Resources */,
				FDF9394E25273F5E006CDA15 /* WelcomeScreen.storyboard in Resources */,
			);
			runOnlyForDeploymentPostprocessing = 0;
		};
		FDF9395725273F5F006CDA15 /* Resources */ = {
			isa = PBXResourcesBuildPhase;
			buildActionMask = 2147483647;
			files = (
			);
			runOnlyForDeploymentPostprocessing = 0;
		};
		FDF9396225273F5F006CDA15 /* Resources */ = {
			isa = PBXResourcesBuildPhase;
			buildActionMask = 2147483647;
			files = (
			);
			runOnlyForDeploymentPostprocessing = 0;
		};
/* End PBXResourcesBuildPhase section */

/* Begin PBXShellScriptBuildPhase section */
		0395B921B5E4FA8D8580F29E /* [CP] Check Pods Manifest.lock */ = {
			isa = PBXShellScriptBuildPhase;
			buildActionMask = 2147483647;
			files = (
			);
			inputFileListPaths = (
			);
			inputPaths = (
				"${PODS_PODFILE_DIR_PATH}/Podfile.lock",
				"${PODS_ROOT}/Manifest.lock",
			);
			name = "[CP] Check Pods Manifest.lock";
			outputFileListPaths = (
			);
			outputPaths = (
				"$(DERIVED_FILE_DIR)/Pods-piggy-test-project-checkManifestLockResult.txt",
			);
			runOnlyForDeploymentPostprocessing = 0;
			shellPath = /bin/sh;
			shellScript = "diff \"${PODS_PODFILE_DIR_PATH}/Podfile.lock\" \"${PODS_ROOT}/Manifest.lock\" > /dev/null\nif [ $? != 0 ] ; then\n    # print error to STDERR\n    echo \"error: The sandbox is not in sync with the Podfile.lock. Run 'pod install' or update your CocoaPods installation.\" >&2\n    exit 1\nfi\n# This output is used by Xcode 'outputs' to avoid re-running this script phase.\necho \"SUCCESS\" > \"${SCRIPT_OUTPUT_FILE_0}\"\n";
			showEnvVarsInLog = 0;
		};
		A33C9D2BE38E207E425E1395 /* [CP] Embed Pods Frameworks */ = {
			isa = PBXShellScriptBuildPhase;
			buildActionMask = 2147483647;
			files = (
			);
			inputFileListPaths = (
				"${PODS_ROOT}/Target Support Files/Pods-piggy-test-project/Pods-piggy-test-project-frameworks-${CONFIGURATION}-input-files.xcfilelist",
			);
			name = "[CP] Embed Pods Frameworks";
			outputFileListPaths = (
				"${PODS_ROOT}/Target Support Files/Pods-piggy-test-project/Pods-piggy-test-project-frameworks-${CONFIGURATION}-output-files.xcfilelist",
			);
			runOnlyForDeploymentPostprocessing = 0;
			shellPath = /bin/sh;
			shellScript = "\"${PODS_ROOT}/Target Support Files/Pods-piggy-test-project/Pods-piggy-test-project-frameworks.sh\"\n";
			showEnvVarsInLog = 0;
		};
/* End PBXShellScriptBuildPhase section */

/* Begin PBXSourcesBuildPhase section */
		FDF9393F25273F5E006CDA15 /* Sources */ = {
			isa = PBXSourcesBuildPhase;
			buildActionMask = 2147483647;
			files = (
				FDF939B22527E18D006CDA15 /* SearchScreenVC+Extensions.swift in Sources */,
				FDF939BD25280413006CDA15 /* DetailsScreenVC.swift in Sources */,
				FDF9394725273F5E006CDA15 /* AppDelegate.swift in Sources */,
				FDF939AC252791CD006CDA15 /* ShadowView.swift in Sources */,
				FDF9399525275FCB006CDA15 /* HomeVC+Extensions.swift in Sources */,
				FDF9399925276CF0006CDA15 /* HomeTitleLabel.swift in Sources */,
				FDF9399125274FDF006CDA15 /* HomeSearchField.swift in Sources */,
				FDF9398C25274C2B006CDA15 /* HomeVC.swift in Sources */,
				FDF939AF2527DC72006CDA15 /* SearchResultsCell.swift in Sources */,
				FDF93983252748BA006CDA15 /* WelcomeLogo.swift in Sources */,
				FDBFCD67252A26CC00E3ABAC /* BrowserScreenVC+Extensions.swift in Sources */,
				FDBFCD65252A25A700E3ABAC /* BrowserScreenVC.swift in Sources */,
				FDF939BF2528060A006CDA15 /* DetailsScreenVC+Extensions.swift in Sources */,
				FDF9397D25274552006CDA15 /* WelcomeScreenVC.swift in Sources */,
				FDF939B52527F330006CDA15 /* UIViewController+Extensions.swift in Sources */,
				FDF9394925273F5E006CDA15 /* SceneDelegate.swift in Sources */,
				FDF939AA2527905D006CDA15 /* RoundedView.swift in Sources */,
				FDF939A125278D4F006CDA15 /* SearchScreenVC.swift in Sources */,
			);
			runOnlyForDeploymentPostprocessing = 0;
		};
		FDF9395525273F5F006CDA15 /* Sources */ = {
			isa = PBXSourcesBuildPhase;
			buildActionMask = 2147483647;
			files = (
				FDF9395E25273F5F006CDA15 /* piggy_test_projectTests.swift in Sources */,
			);
			runOnlyForDeploymentPostprocessing = 0;
		};
		FDF9396025273F5F006CDA15 /* Sources */ = {
			isa = PBXSourcesBuildPhase;
			buildActionMask = 2147483647;
			files = (
				FDF9396925273F5F006CDA15 /* piggy_test_projectUITests.swift in Sources */,
			);
			runOnlyForDeploymentPostprocessing = 0;
		};
/* End PBXSourcesBuildPhase section */

/* Begin PBXTargetDependency section */
		FDF9395B25273F5F006CDA15 /* PBXTargetDependency */ = {
			isa = PBXTargetDependency;
			target = FDF9394225273F5E006CDA15 /* piggy-test-project */;
			targetProxy = FDF9395A25273F5F006CDA15 /* PBXContainerItemProxy */;
		};
		FDF9396625273F5F006CDA15 /* PBXTargetDependency */ = {
			isa = PBXTargetDependency;
			target = FDF9394225273F5E006CDA15 /* piggy-test-project */;
			targetProxy = FDF9396525273F5F006CDA15 /* PBXContainerItemProxy */;
		};
/* End PBXTargetDependency section */

/* Begin PBXVariantGroup section */
		FDF9394C25273F5E006CDA15 /* WelcomeScreen.storyboard */ = {
			isa = PBXVariantGroup;
			children = (
				FDF9394D25273F5E006CDA15 /* Base */,
			);
			name = WelcomeScreen.storyboard;
			sourceTree = "<group>";
		};
		FDF9395125273F5F006CDA15 /* LaunchScreen.storyboard */ = {
			isa = PBXVariantGroup;
			children = (
				FDF9395225273F5F006CDA15 /* Base */,
			);
			name = LaunchScreen.storyboard;
			sourceTree = "<group>";
		};
/* End PBXVariantGroup section */

/* Begin XCBuildConfiguration section */
		FDF9396B25273F5F006CDA15 /* Debug */ = {
			isa = XCBuildConfiguration;
			buildSettings = {
				ALWAYS_SEARCH_USER_PATHS = NO;
				CLANG_ANALYZER_NONNULL = YES;
				CLANG_ANALYZER_NUMBER_OBJECT_CONVERSION = YES_AGGRESSIVE;
				CLANG_CXX_LANGUAGE_STANDARD = "gnu++14";
				CLANG_CXX_LIBRARY = "libc++";
				CLANG_ENABLE_MODULES = YES;
				CLANG_ENABLE_OBJC_ARC = YES;
				CLANG_ENABLE_OBJC_WEAK = YES;
				CLANG_WARN_BLOCK_CAPTURE_AUTORELEASING = YES;
				CLANG_WARN_BOOL_CONVERSION = YES;
				CLANG_WARN_COMMA = YES;
				CLANG_WARN_CONSTANT_CONVERSION = YES;
				CLANG_WARN_DEPRECATED_OBJC_IMPLEMENTATIONS = YES;
				CLANG_WARN_DIRECT_OBJC_ISA_USAGE = YES_ERROR;
				CLANG_WARN_DOCUMENTATION_COMMENTS = YES;
				CLANG_WARN_EMPTY_BODY = YES;
				CLANG_WARN_ENUM_CONVERSION = YES;
				CLANG_WARN_INFINITE_RECURSION = YES;
				CLANG_WARN_INT_CONVERSION = YES;
				CLANG_WARN_NON_LITERAL_NULL_CONVERSION = YES;
				CLANG_WARN_OBJC_IMPLICIT_RETAIN_SELF = YES;
				CLANG_WARN_OBJC_LITERAL_CONVERSION = YES;
				CLANG_WARN_OBJC_ROOT_CLASS = YES_ERROR;
				CLANG_WARN_RANGE_LOOP_ANALYSIS = YES;
				CLANG_WARN_STRICT_PROTOTYPES = YES;
				CLANG_WARN_SUSPICIOUS_MOVE = YES;
				CLANG_WARN_UNGUARDED_AVAILABILITY = YES_AGGRESSIVE;
				CLANG_WARN_UNREACHABLE_CODE = YES;
				CLANG_WARN__DUPLICATE_METHOD_MATCH = YES;
				COPY_PHASE_STRIP = NO;
				DEBUG_INFORMATION_FORMAT = dwarf;
				ENABLE_STRICT_OBJC_MSGSEND = YES;
				ENABLE_TESTABILITY = YES;
				GCC_C_LANGUAGE_STANDARD = gnu11;
				GCC_DYNAMIC_NO_PIC = NO;
				GCC_NO_COMMON_BLOCKS = YES;
				GCC_OPTIMIZATION_LEVEL = 0;
				GCC_PREPROCESSOR_DEFINITIONS = (
					"DEBUG=1",
					"$(inherited)",
				);
				GCC_WARN_64_TO_32_BIT_CONVERSION = YES;
				GCC_WARN_ABOUT_RETURN_TYPE = YES_ERROR;
				GCC_WARN_UNDECLARED_SELECTOR = YES;
				GCC_WARN_UNINITIALIZED_AUTOS = YES_AGGRESSIVE;
				GCC_WARN_UNUSED_FUNCTION = YES;
				GCC_WARN_UNUSED_VARIABLE = YES;
				IPHONEOS_DEPLOYMENT_TARGET = 13.6;
				MTL_ENABLE_DEBUG_INFO = INCLUDE_SOURCE;
				MTL_FAST_MATH = YES;
				ONLY_ACTIVE_ARCH = YES;
				SDKROOT = iphoneos;
				SWIFT_ACTIVE_COMPILATION_CONDITIONS = DEBUG;
				SWIFT_OPTIMIZATION_LEVEL = "-Onone";
			};
			name = Debug;
		};
		FDF9396C25273F5F006CDA15 /* Release */ = {
			isa = XCBuildConfiguration;
			buildSettings = {
				ALWAYS_SEARCH_USER_PATHS = NO;
				CLANG_ANALYZER_NONNULL = YES;
				CLANG_ANALYZER_NUMBER_OBJECT_CONVERSION = YES_AGGRESSIVE;
				CLANG_CXX_LANGUAGE_STANDARD = "gnu++14";
				CLANG_CXX_LIBRARY = "libc++";
				CLANG_ENABLE_MODULES = YES;
				CLANG_ENABLE_OBJC_ARC = YES;
				CLANG_ENABLE_OBJC_WEAK = YES;
				CLANG_WARN_BLOCK_CAPTURE_AUTORELEASING = YES;
				CLANG_WARN_BOOL_CONVERSION = YES;
				CLANG_WARN_COMMA = YES;
				CLANG_WARN_CONSTANT_CONVERSION = YES;
				CLANG_WARN_DEPRECATED_OBJC_IMPLEMENTATIONS = YES;
				CLANG_WARN_DIRECT_OBJC_ISA_USAGE = YES_ERROR;
				CLANG_WARN_DOCUMENTATION_COMMENTS = YES;
				CLANG_WARN_EMPTY_BODY = YES;
				CLANG_WARN_ENUM_CONVERSION = YES;
				CLANG_WARN_INFINITE_RECURSION = YES;
				CLANG_WARN_INT_CONVERSION = YES;
				CLANG_WARN_NON_LITERAL_NULL_CONVERSION = YES;
				CLANG_WARN_OBJC_IMPLICIT_RETAIN_SELF = YES;
				CLANG_WARN_OBJC_LITERAL_CONVERSION = YES;
				CLANG_WARN_OBJC_ROOT_CLASS = YES_ERROR;
				CLANG_WARN_RANGE_LOOP_ANALYSIS = YES;
				CLANG_WARN_STRICT_PROTOTYPES = YES;
				CLANG_WARN_SUSPICIOUS_MOVE = YES;
				CLANG_WARN_UNGUARDED_AVAILABILITY = YES_AGGRESSIVE;
				CLANG_WARN_UNREACHABLE_CODE = YES;
				CLANG_WARN__DUPLICATE_METHOD_MATCH = YES;
				COPY_PHASE_STRIP = NO;
				DEBUG_INFORMATION_FORMAT = "dwarf-with-dsym";
				ENABLE_NS_ASSERTIONS = NO;
				ENABLE_STRICT_OBJC_MSGSEND = YES;
				GCC_C_LANGUAGE_STANDARD = gnu11;
				GCC_NO_COMMON_BLOCKS = YES;
				GCC_WARN_64_TO_32_BIT_CONVERSION = YES;
				GCC_WARN_ABOUT_RETURN_TYPE = YES_ERROR;
				GCC_WARN_UNDECLARED_SELECTOR = YES;
				GCC_WARN_UNINITIALIZED_AUTOS = YES_AGGRESSIVE;
				GCC_WARN_UNUSED_FUNCTION = YES;
				GCC_WARN_UNUSED_VARIABLE = YES;
				IPHONEOS_DEPLOYMENT_TARGET = 13.6;
				MTL_ENABLE_DEBUG_INFO = NO;
				MTL_FAST_MATH = YES;
				SDKROOT = iphoneos;
				SWIFT_COMPILATION_MODE = wholemodule;
				SWIFT_OPTIMIZATION_LEVEL = "-O";
				VALIDATE_PRODUCT = YES;
			};
			name = Release;
		};
		FDF9396E25273F5F006CDA15 /* Debug */ = {
			isa = XCBuildConfiguration;
			baseConfigurationReference = 0AE8DBDE58BF35877E11FE2B /* Pods-piggy-test-project.debug.xcconfig */;
			buildSettings = {
				ASSETCATALOG_COMPILER_APPICON_NAME = AppIcon;
				CODE_SIGN_STYLE = Automatic;
				DEVELOPMENT_TEAM = PQWVQZZ2WR;
				INFOPLIST_FILE = "piggy-test-project/Info.plist";
				LD_RUNPATH_SEARCH_PATHS = (
					"$(inherited)",
					"@executable_path/Frameworks",
				);
				PRODUCT_BUNDLE_IDENTIFIER = "forat.io.piggy-test-project";
				PRODUCT_NAME = "$(TARGET_NAME)";
				SWIFT_VERSION = 5.0;
				TARGETED_DEVICE_FAMILY = 1;
			};
			name = Debug;
		};
		FDF9396F25273F5F006CDA15 /* Release */ = {
			isa = XCBuildConfiguration;
			baseConfigurationReference = 6D739037CF0B44460BA0BE30 /* Pods-piggy-test-project.release.xcconfig */;
			buildSettings = {
				ASSETCATALOG_COMPILER_APPICON_NAME = AppIcon;
				CODE_SIGN_STYLE = Automatic;
				DEVELOPMENT_TEAM = PQWVQZZ2WR;
				INFOPLIST_FILE = "piggy-test-project/Info.plist";
				LD_RUNPATH_SEARCH_PATHS = (
					"$(inherited)",
					"@executable_path/Frameworks",
				);
				PRODUCT_BUNDLE_IDENTIFIER = "forat.io.piggy-test-project";
				PRODUCT_NAME = "$(TARGET_NAME)";
				SWIFT_VERSION = 5.0;
				TARGETED_DEVICE_FAMILY = 1;
			};
			name = Release;
		};
		FDF9397125273F5F006CDA15 /* Debug */ = {
			isa = XCBuildConfiguration;
			buildSettings = {
				ALWAYS_EMBED_SWIFT_STANDARD_LIBRARIES = YES;
				BUNDLE_LOADER = "$(TEST_HOST)";
				CODE_SIGN_STYLE = Automatic;
				INFOPLIST_FILE = "piggy-test-projectTests/Info.plist";
				IPHONEOS_DEPLOYMENT_TARGET = 13.6;
				LD_RUNPATH_SEARCH_PATHS = (
					"$(inherited)",
					"@executable_path/Frameworks",
					"@loader_path/Frameworks",
				);
				PRODUCT_BUNDLE_IDENTIFIER = "forat.io.piggy-test-projectTests";
				PRODUCT_NAME = "$(TARGET_NAME)";
				SWIFT_VERSION = 5.0;
				TARGETED_DEVICE_FAMILY = "1,2";
				TEST_HOST = "$(BUILT_PRODUCTS_DIR)/piggy-test-project.app/piggy-test-project";
			};
			name = Debug;
		};
		FDF9397225273F5F006CDA15 /* Release */ = {
			isa = XCBuildConfiguration;
			buildSettings = {
				ALWAYS_EMBED_SWIFT_STANDARD_LIBRARIES = YES;
				BUNDLE_LOADER = "$(TEST_HOST)";
				CODE_SIGN_STYLE = Automatic;
				INFOPLIST_FILE = "piggy-test-projectTests/Info.plist";
				IPHONEOS_DEPLOYMENT_TARGET = 13.6;
				LD_RUNPATH_SEARCH_PATHS = (
					"$(inherited)",
					"@executable_path/Frameworks",
					"@loader_path/Frameworks",
				);
				PRODUCT_BUNDLE_IDENTIFIER = "forat.io.piggy-test-projectTests";
				PRODUCT_NAME = "$(TARGET_NAME)";
				SWIFT_VERSION = 5.0;
				TARGETED_DEVICE_FAMILY = "1,2";
				TEST_HOST = "$(BUILT_PRODUCTS_DIR)/piggy-test-project.app/piggy-test-project";
			};
			name = Release;
		};
		FDF9397425273F5F006CDA15 /* Debug */ = {
			isa = XCBuildConfiguration;
			buildSettings = {
				ALWAYS_EMBED_SWIFT_STANDARD_LIBRARIES = YES;
				CODE_SIGN_STYLE = Automatic;
				INFOPLIST_FILE = "piggy-test-projectUITests/Info.plist";
				LD_RUNPATH_SEARCH_PATHS = (
					"$(inherited)",
					"@executable_path/Frameworks",
					"@loader_path/Frameworks",
				);
				PRODUCT_BUNDLE_IDENTIFIER = "forat.io.piggy-test-projectUITests";
				PRODUCT_NAME = "$(TARGET_NAME)";
				SWIFT_VERSION = 5.0;
				TARGETED_DEVICE_FAMILY = "1,2";
				TEST_TARGET_NAME = "piggy-test-project";
			};
			name = Debug;
		};
		FDF9397525273F5F006CDA15 /* Release */ = {
			isa = XCBuildConfiguration;
			buildSettings = {
				ALWAYS_EMBED_SWIFT_STANDARD_LIBRARIES = YES;
				CODE_SIGN_STYLE = Automatic;
				INFOPLIST_FILE = "piggy-test-projectUITests/Info.plist";
				LD_RUNPATH_SEARCH_PATHS = (
					"$(inherited)",
					"@executable_path/Frameworks",
					"@loader_path/Frameworks",
				);
				PRODUCT_BUNDLE_IDENTIFIER = "forat.io.piggy-test-projectUITests";
				PRODUCT_NAME = "$(TARGET_NAME)";
				SWIFT_VERSION = 5.0;
				TARGETED_DEVICE_FAMILY = "1,2";
				TEST_TARGET_NAME = "piggy-test-project";
			};
			name = Release;
		};
/* End XCBuildConfiguration section */

/* Begin XCConfigurationList section */
		FDF9393E25273F5E006CDA15 /* Build configuration list for PBXProject "piggy-test-project" */ = {
			isa = XCConfigurationList;
			buildConfigurations = (
				FDF9396B25273F5F006CDA15 /* Debug */,
				FDF9396C25273F5F006CDA15 /* Release */,
			);
			defaultConfigurationIsVisible = 0;
			defaultConfigurationName = Release;
		};
		FDF9396D25273F5F006CDA15 /* Build configuration list for PBXNativeTarget "piggy-test-project" */ = {
			isa = XCConfigurationList;
			buildConfigurations = (
				FDF9396E25273F5F006CDA15 /* Debug */,
				FDF9396F25273F5F006CDA15 /* Release */,
			);
			defaultConfigurationIsVisible = 0;
			defaultConfigurationName = Release;
		};
		FDF9397025273F5F006CDA15 /* Build configuration list for PBXNativeTarget "piggy-test-projectTests" */ = {
			isa = XCConfigurationList;
			buildConfigurations = (
				FDF9397125273F5F006CDA15 /* Debug */,
				FDF9397225273F5F006CDA15 /* Release */,
			);
			defaultConfigurationIsVisible = 0;
			defaultConfigurationName = Release;
		};
		FDF9397325273F5F006CDA15 /* Build configuration list for PBXNativeTarget "piggy-test-projectUITests" */ = {
			isa = XCConfigurationList;
			buildConfigurations = (
				FDF9397425273F5F006CDA15 /* Debug */,
				FDF9397525273F5F006CDA15 /* Release */,
			);
			defaultConfigurationIsVisible = 0;
			defaultConfigurationName = Release;
		};
/* End XCConfigurationList section */
	};
	rootObject = FDF9393B25273F5E006CDA15 /* Project object */;
}
